
Microsoft Visual Studio Solution File, Format Version 12.00
# Visual Studio 15
VisualStudioVersion = 15.0.28307.779
MinimumVisualStudioVersion = 10.0.40219.1
Project("{888888A0-9F3D-457C-B088-3A5042F75D52}") = "KeyStone.PythonFibonacci", "KeyStone.PythonFibonacci\KeyStone.PythonFibonacci.pyproj", "{FA8E49EA-1B2A-4B25-AEE9-C88EE817A934}"
EndProject
Project("{FAE04EC0-301F-11D3-BF4B-00C04F79EFBC}") = "Keystone.CSharpFibonacci", "Keystone.CSharpFibonacci\Keystone.CSharpFibonacci.csproj", "{A457F8F2-67FC-4A88-81BF-ADAFF18F0A0C}"
EndProject
Global
	GlobalSection(SolutionConfigurationPlatforms) = preSolution
		Debug|Any CPU = Debug|Any CPU
		Debug|x64 = Debug|x64
		Release|Any CPU = Release|Any CPU
		Release|x64 = Release|x64
	EndGlobalSection
	GlobalSection(ProjectConfigurationPlatforms) = postSolution
		{FA8E49EA-1B2A-4B25-AEE9-C88EE817A934}.Debug|Any CPU.ActiveCfg = Debug|Any CPU
		{FA8E49EA-1B2A-4B25-AEE9-C88EE817A934}.Debug|x64.ActiveCfg = Debug|Any CPU
		{FA8E49EA-1B2A-4B25-AEE9-C88EE817A934}.Release|Any CPU.ActiveCfg = Release|Any CPU
		{FA8E49EA-1B2A-4B25-AEE9-C88EE817A934}.Release|x64.ActiveCfg = Release|Any CPU
		{A457F8F2-67FC-4A88-81BF-ADAFF18F0A0C}.Debug|Any CPU.ActiveCfg = Debug|Any CPU
		{A457F8F2-67FC-4A88-81BF-ADAFF18F0A0C}.Debug|Any CPU.Build.0 = Debug|Any CPU
		{A457F8F2-67FC-4A88-81BF-ADAFF18F0A0C}.Debug|x64.ActiveCfg = Debug|x64
		{A457F8F2-67FC-4A88-81BF-ADAFF18F0A0C}.Debug|x64.Build.0 = Debug|x64
		{A457F8F2-67FC-4A88-81BF-ADAFF18F0A0C}.Release|Any CPU.ActiveCfg = Release|Any CPU
		{A457F8F2-67FC-4A88-81BF-ADAFF18F0A0C}.Release|Any CPU.Build.0 = Release|Any CPU
		{A457F8F2-67FC-4A88-81BF-ADAFF18F0A0C}.Release|x64.ActiveCfg = Release|x64
		{A457F8F2-67FC-4A88-81BF-ADAFF18F0A0C}.Release|x64.Build.0 = Release|x64
	EndGlobalSection
	GlobalSection(SolutionProperties) = preSolution
		HideSolutionNode = FALSE
	EndGlobalSection
	GlobalSection(ExtensibilityGlobals) = postSolution
		SolutionGuid = {B65B251E-2118-4346-B174-6181D9897828}
	EndGlobalSection
EndGlobal
